
Microsoft Visual Studio Solution File, Format Version 12.00
# Visual Studio Version 16
VisualStudioVersion = 16.0.31019.35
MinimumVisualStudioVersion = 10.0.40219.1
Project("{8BC9CEB8-8B4A-11D0-8D11-00A0C91BC942}") = "exper8SEC", "exper8SEC\exper8SEC.vcxproj", "{87FB0E37-1C6D-4EB7-96CA-8D4E0EB99E06}"
EndProject
Global
	GlobalSection(SolutionConfigurationPlatforms) = preSolution
		Debug|x64 = Debug|x64
		Debug|x86 = Debug|x86
		Release|x64 = Release|x64
		Release|x86 = Release|x86
	EndGlobalSection
	GlobalSection(ProjectConfigurationPlatforms) = postSolution
		{87FB0E37-1C6D-4EB7-96CA-8D4E0EB99E06}.Debug|x64.ActiveCfg = Debug|x64
		{87FB0E37-1C6D-4EB7-96CA-8D4E0EB99E06}.Debug|x64.Build.0 = Debug|x64
		{87FB0E37-1C6D-4EB7-96CA-8D4E0EB99E06}.Debug|x86.ActiveCfg = Debug|Win32
		{87FB0E37-1C6D-4EB7-96CA-8D4E0EB99E06}.Debug|x86.Build.0 = Debug|Win32
		{87FB0E37-1C6D-4EB7-96CA-8D4E0EB99E06}.Release|x64.ActiveCfg = Release|x64
		{87FB0E37-1C6D-4EB7-96CA-8D4E0EB99E06}.Release|x64.Build.0 = Release|x64
		{87FB0E37-1C6D-4EB7-96CA-8D4E0EB99E06}.Release|x86.ActiveCfg = Release|Win32
		{87FB0E37-1C6D-4EB7-96CA-8D4E0EB99E06}.Release|x86.Build.0 = Release|Win32
	EndGlobalSection
	GlobalSection(SolutionProperties) = preSolution
		HideSolutionNode = FALSE
	EndGlobalSection
	GlobalSection(ExtensibilityGlobals) = postSolution
		SolutionGuid = {D65C9E6D-3BD2-458E-A3BA-BAD33F294373}
	EndGlobalSection
EndGlobal
