
Microsoft Visual Studio Solution File, Format Version 12.00
# Visual Studio Version 16
VisualStudioVersion = 16.0.31019.35
MinimumVisualStudioVersion = 10.0.40219.1
Project("{8BC9CEB8-8B4A-11D0-8D11-00A0C91BC942}") = "exper8First", "exper8First\exper8First.vcxproj", "{5CE89EB2-7452-442C-8631-03FA0E585A48}"
EndProject
Global
	GlobalSection(SolutionConfigurationPlatforms) = preSolution
		Debug|x64 = Debug|x64
		Debug|x86 = Debug|x86
		Release|x64 = Release|x64
		Release|x86 = Release|x86
	EndGlobalSection
	GlobalSection(ProjectConfigurationPlatforms) = postSolution
		{5CE89EB2-7452-442C-8631-03FA0E585A48}.Debug|x64.ActiveCfg = Debug|x64
		{5CE89EB2-7452-442C-8631-03FA0E585A48}.Debug|x64.Build.0 = Debug|x64
		{5CE89EB2-7452-442C-8631-03FA0E585A48}.Debug|x86.ActiveCfg = Debug|Win32
		{5CE89EB2-7452-442C-8631-03FA0E585A48}.Debug|x86.Build.0 = Debug|Win32
		{5CE89EB2-7452-442C-8631-03FA0E585A48}.Release|x64.ActiveCfg = Release|x64
		{5CE89EB2-7452-442C-8631-03FA0E585A48}.Release|x64.Build.0 = Release|x64
		{5CE89EB2-7452-442C-8631-03FA0E585A48}.Release|x86.ActiveCfg = Release|Win32
		{5CE89EB2-7452-442C-8631-03FA0E585A48}.Release|x86.Build.0 = Release|Win32
	EndGlobalSection
	GlobalSection(SolutionProperties) = preSolution
		HideSolutionNode = FALSE
	EndGlobalSection
	GlobalSection(ExtensibilityGlobals) = postSolution
		SolutionGuid = {3EBDD304-3616-4D1C-9270-E36D9C055A76}
	EndGlobalSection
EndGlobal
